{
  "version": 4,
  "terraform_version": "1.12.0",
  "serial": 14,
  "lineage": "74a9ec81-c34f-fe71-aabc-45ef05849ef9",
  "outputs": {},
  "resources": [
    {
      "mode": "managed",
      "type": "docker_image",
      "name": "nginx",
      "provider": "provider[\"registry.terraform.io/kreuzwerker/docker\"]",
      "instances": [
        {
          "schema_version": 0,
          "attributes": {
            "build": [],
            "force_remove": null,
            "id": "sha256:b52e0b094bc0e26c9eddc9e4ab7a64ce0033c3360d8b7ad4ff4132c4e03e8f7bnginx:latest",
            "image_id": "sha256:b52e0b094bc0e26c9eddc9e4ab7a64ce0033c3360d8b7ad4ff4132c4e03e8f7b",
            "keep_locally": false,
            "name": "nginx:latest",
            "platform": null,
            "pull_triggers": null,
            "repo_digest": "nginx@sha256:9d6b58feebd2dbd3c56ab5853333d627cc6e281011cfd6050fa4bcf2072c9496",
            "triggers": null
          },
          "sensitive_attributes": [],
          "private": "bnVsbA=="
        }
      ]
    }
  ],
  "check_results": null
}
